
Microsoft Visual Studio Solution File, Format Version 12.00
# Visual Studio Version 17
VisualStudioVersion = 17.9.34723.18
MinimumVisualStudioVersion = 10.0.40219.1
Project("{FAE04EC0-301F-11D3-BF4B-00C04F79EFBC}") = "ShowDurabilityInGame", "ShowDurabilityInGame.csproj", "{DE03046C-F9DD-48FE-ABAD-D74C8036AA20}"
EndProject
Project("{2150E333-8FDC-42A3-9474-1A3956D46DE8}") = "WorkingProjects", "WorkingProjects", "{0D22CCC9-4D45-4B26-82FE-2014A07C5F69}"
EndProject
Project("{2150E333-8FDC-42A3-9474-1A3956D46DE8}") = "InProgress", "InProgress", "{24478EA1-D4D8-4DB6-B723-C9D383416094}"
EndProject
Global
	GlobalSection(SolutionConfigurationPlatforms) = preSolution
		Debug|Any CPU = Debug|Any CPU
		Release|Any CPU = Release|Any CPU
	EndGlobalSection
	GlobalSection(ProjectConfigurationPlatforms) = postSolution
		{DE03046C-F9DD-48FE-ABAD-D74C8036AA20}.Debug|Any CPU.ActiveCfg = Debug|Any CPU
		{DE03046C-F9DD-48FE-ABAD-D74C8036AA20}.Debug|Any CPU.Build.0 = Debug|Any CPU
		{DE03046C-F9DD-48FE-ABAD-D74C8036AA20}.Release|Any CPU.ActiveCfg = Release|Any CPU
		{DE03046C-F9DD-48FE-ABAD-D74C8036AA20}.Release|Any CPU.Build.0 = Release|Any CPU
	EndGlobalSection
	GlobalSection(SolutionProperties) = preSolution
		HideSolutionNode = FALSE
	EndGlobalSection
	GlobalSection(NestedProjects) = preSolution
		{DE03046C-F9DD-48FE-ABAD-D74C8036AA20} = {0D22CCC9-4D45-4B26-82FE-2014A07C5F69}
	EndGlobalSection
	GlobalSection(ExtensibilityGlobals) = postSolution
		SolutionGuid = {FEA1D642-7728-446E-A845-323D9818A194}
	EndGlobalSection
EndGlobal
